PODS:
  - JPFPSStatus (0.1)
  - Masonry (1.0.1)
  - MyLayout (1.2.2)
  - SDAutoLayout (2.1.4)
  - UITableView+FDTemplateLayoutCell (1.5.beta)

DEPENDENCIES:
  - JPFPSStatus (~> 0.1)
  - Masonry
  - MyLayout (~> 1.2.2)
  - SDAutoLayout (~> 2.1.3)
  - UITableView+FDTemplateLayoutCell (~> 1.5.beta)

SPEC CHECKSUMS:
  JPFPSStatus: 4467a17488382e4c1700bd9d18c92ae581fd6305
  Masonry: a1a931a0d08870ed8ae415a2ea5ea68ebcac77df
  MyLayout: 4db80027d103c3e4e28d5f07dae865430b9a23ca
  SDAutoLayout: 1b2926b193a63287f473dae426ed07861e21e271
  UITableView+FDTemplateLayoutCell: 02b508ab1cb4cea16a8c17ac83d2cd1fd72124f9

PODFILE CHECKSUM: 303d092f72890345042a838de1feb970ea046d26

COCOAPODS: 1.0.1
